<?xml version="1.0" encoding="utf-8"?>
<Project ToolsVersion="4.0" xmlns="http://schemas.microsoft.com/developer/msbuild/2003">
  <ItemGroup>
    <ClCompile Include="src\main.cpp">
      <Filter>src</Filter>
    </ClCompile>
    <ClCompile Include="..\..\..\addons\ofxGui\src\ofxBaseGui.cpp">
      <Filter>addons\ofxGui\src</Filter>
    </ClCompile>
    <ClCompile Include="..\..\..\addons\ofxGui\src\ofxButton.cpp">
      <Filter>addons\ofxGui\src</Filter>
    </ClCompile>
    <ClCompile Include="..\..\..\addons\ofxGui\src\ofxColorPicker.cpp">
      <Filter>addons\ofxGui\src</Filter>
    </ClCompile>
    <ClCompile Include="..\..\..\addons\ofxGui\src\ofxGuiGroup.cpp">
      <Filter>addons\ofxGui\src</Filter>
    </ClCompile>
    <ClCompile Include="..\..\..\addons\ofxGui\src\ofxInputField.cpp">
      <Filter>addons\ofxGui\src</Filter>
    </ClCompile>
    <ClCompile Include="..\..\..\addons\ofxGui\src\ofxLabel.cpp">
      <Filter>addons\ofxGui\src</Filter>
    </ClCompile>
    <ClCompile Include="..\..\..\addons\ofxGui\src\ofxPanel.cpp">
      <Filter>addons\ofxGui\src</Filter>
    </ClCompile>
    <ClCompile Include="..\..\..\addons\ofxGui\src\ofxSlider.cpp">
      <Filter>addons\ofxGui\src</Filter>
    </ClCompile>
    <ClCompile Include="..\..\..\addons\ofxGui\src\ofxSliderGroup.cpp">
      <Filter>addons\ofxGui\src</Filter>
    </ClCompile>
    <ClCompile Include="..\..\..\addons\ofxGui\src\ofxToggle.cpp">
      <Filter>addons\ofxGui\src</Filter>
    </ClCompile>
    <ClCompile Include="src\application.cpp">
      <Filter>src</Filter>
    </ClCompile>
    <ClCompile Include="src\domain\histogram.cpp">
      <Filter>src\domain</Filter>
    </ClCompile>
    <ClCompile Include="src\domain\sceneImage.cpp">
      <Filter>src\domain</Filter>
    </ClCompile>
    <ClCompile Include="src\infrastructure\imageExporter.cpp">
      <Filter>src\infrastructure</Filter>
    </ClCompile>
    <ClCompile Include="src\presentation\renderer.cpp">
      <Filter>src\presentation</Filter>
    </ClCompile>
    <ClCompile Include="src\presentation\transformTool.cpp">
      <Filter>src\presentation</Filter>
    </ClCompile>
    <ClCompile Include="src\presentation\ui\sceneTreePanel.cpp">
      <Filter>src\presentation\ui</Filter>
    </ClCompile>
    <ClCompile Include="src\presentation\cursorRenderer.cpp">
      <Filter>src\presentation</Filter>
    </ClCompile>
    <ClCompile Include="src\domain\shapes\2d\scenePrimitiveEllipse.cpp" />
    <ClCompile Include="src\domain\shapes\2d\scenePrimitiveLine.cpp" />
    <ClCompile Include="src\domain\shapes\2d\scenePrimitivePoint.cpp" />
    <ClCompile Include="src\domain\shapes\2d\scenePrimitiveRect.cpp" />
    <ClCompile Include="src\domain\scene\scene.cpp" />
    <ClCompile Include="src\domain\scene\sceneImage.cpp" />
  </ItemGroup>
  <ItemGroup>
    <Filter Include="src">
      <UniqueIdentifier>{d8376475-7454-4a24-b08a-aac121d3ad6f}</UniqueIdentifier>
    </Filter>
    <Filter Include="addons">
      <UniqueIdentifier>{6578D3DE--811-6-4A-B6-A-97A-C4563C526654}</UniqueIdentifier>
    </Filter>
    <Filter Include="addons\ofxGui">
      <UniqueIdentifier>{5CF67F0A--862-4-42-74-B-D35-7CB3E0947431}</UniqueIdentifier>
    </Filter>
    <Filter Include="addons\ofxGui\src">
      <UniqueIdentifier>{890B8A5E--15D-D-4B-73-B-58B-BA384439C636}</UniqueIdentifier>
    </Filter>
    <Filter Include="src\domain">
      <UniqueIdentifier>{3db43427-a678-4cf5-ae38-4914587a0c86}</UniqueIdentifier>
    </Filter>
    <Filter Include="src\domain\shapes">
      <UniqueIdentifier>{d325c32c-9f0c-4bf7-abad-2e6db00b0baa}</UniqueIdentifier>
    </Filter>
    <Filter Include="src\infrastructure">
      <UniqueIdentifier>{b19a703e-c7b0-43a1-ae83-00b19ea5fff5}</UniqueIdentifier>
    </Filter>
    <Filter Include="src\presentation">
      <UniqueIdentifier>{c264f66b-fb5d-420a-878d-313420bf7f43}</UniqueIdentifier>
    </Filter>
    <Filter Include="src\presentation\ui">
      <UniqueIdentifier>{9c26a4d1-aaad-428f-8249-b2ae1831e4da}</UniqueIdentifier>
    </Filter>
  </ItemGroup>
  <ItemGroup>
    <ClInclude Include="..\..\..\addons\ofxGui\src\ofxBaseGui.h">
      <Filter>addons\ofxGui\src</Filter>
    </ClInclude>
    <ClInclude Include="..\..\..\addons\ofxGui\src\ofxButton.h">
      <Filter>addons\ofxGui\src</Filter>
    </ClInclude>
    <ClInclude Include="..\..\..\addons\ofxGui\src\ofxColorPicker.h">
      <Filter>addons\ofxGui\src</Filter>
    </ClInclude>
    <ClInclude Include="..\..\..\addons\ofxGui\src\ofxGui.h">
      <Filter>addons\ofxGui\src</Filter>
    </ClInclude>
    <ClInclude Include="..\..\..\addons\ofxGui\src\ofxGuiGroup.h">
      <Filter>addons\ofxGui\src</Filter>
    </ClInclude>
    <ClInclude Include="..\..\..\addons\ofxGui\src\ofxGuiUtils.h">
      <Filter>addons\ofxGui\src</Filter>
    </ClInclude>
    <ClInclude Include="..\..\..\addons\ofxGui\src\ofxInputField.h">
      <Filter>addons\ofxGui\src</Filter>
    </ClInclude>
    <ClInclude Include="..\..\..\addons\ofxGui\src\ofxLabel.h">
      <Filter>addons\ofxGui\src</Filter>
    </ClInclude>
    <ClInclude Include="..\..\..\addons\ofxGui\src\ofxPanel.h">
      <Filter>addons\ofxGui\src</Filter>
    </ClInclude>
    <ClInclude Include="..\..\..\addons\ofxGui\src\ofxSlider.h">
      <Filter>addons\ofxGui\src</Filter>
    </ClInclude>
    <ClInclude Include="..\..\..\addons\ofxGui\src\ofxSliderGroup.h">
      <Filter>addons\ofxGui\src</Filter>
    </ClInclude>
    <ClInclude Include="..\..\..\addons\ofxGui\src\ofxToggle.h">
      <Filter>addons\ofxGui\src</Filter>
    </ClInclude>
    <ClInclude Include="src\application.h">
      <Filter>src</Filter>
    </ClInclude>
    <ClInclude Include="src\domain\histogram.h">
      <Filter>src\domain</Filter>
    </ClInclude>
    <ClInclude Include="src\domain\scene.h">
      <Filter>src\domain</Filter>
    </ClInclude>
    <ClInclude Include="src\domain\sceneImage.h">
      <Filter>src\domain</Filter>
    </ClInclude>
    <ClInclude Include="src\domain\sceneObject.h">
      <Filter>src\domain</Filter>
    </ClInclude>
    <ClInclude Include="src\infrastructure\imageExporter.h">
      <Filter>src\infrastructure</Filter>
    </ClInclude>
    <ClInclude Include="src\presentation\renderer.h">
      <Filter>src\presentation</Filter>
    </ClInclude>
    <ClInclude Include="src\presentation\transformTool.h">
      <Filter>src\presentation</Filter>
    </ClInclude>
    <ClInclude Include="src\presentation\ui\palettePreview.h">
      <Filter>src\presentation\ui</Filter>
    </ClInclude>
    <ClInclude Include="src\presentation\ui\sceneTreePanel.h">
      <Filter>src\presentation\ui</Filter>
    </ClInclude>
    <ClInclude Include="src\presentation\cursorRenderer.h">
      <Filter>src\presentation</Filter>
    </ClInclude>
    <ClInclude Include="src\domain\shapes\2d\scenePrimitive.h" />
    <ClInclude Include="src\domain\shapes\2d\scenePrimitiveEllipse.h" />
    <ClInclude Include="src\domain\shapes\2d\scenePrimitiveLine.h" />
    <ClInclude Include="src\domain\shapes\2d\scenePrimitivePoint.h" />
    <ClInclude Include="src\domain\shapes\2d\scenePrimitiveRect.h" />
    <ClInclude Include="src\domain\scene\scene.h" />
    <ClInclude Include="src\domain\scene\sceneImage.h" />
    <ClInclude Include="src\domain\scene\sceneObject.h" />
  </ItemGroup>
  <ItemGroup>
    <ResourceCompile Include="icon.rc" />
  </ItemGroup>
  <ItemGroup>
    <None Include=".gitignore" />
    <None Include="addons.make" />
    <None Include="config.make" />
    <None Include="Makefile" />
    <None Include="README.md" />
  </ItemGroup>
</Project>